
Microsoft Visual Studio Solution File, Format Version 12.00
# Visual Studio Version 17
VisualStudioVersion = 17.9.34607.119
MinimumVisualStudioVersion = 10.0.40219.1
Project("{FAE04EC0-301F-11D3-BF4B-00C04F79EFBC}") = "Dungeon Escape", "Dungeon Escape.csproj", "{824F7856-932A-44D7-AB32-F42636EF7994}"
EndProject
Global
	GlobalSection(SolutionConfigurationPlatforms) = preSolution
		Debug|Any CPU = Debug|Any CPU
		Release|Any CPU = Release|Any CPU
	EndGlobalSection
	GlobalSection(ProjectConfigurationPlatforms) = postSolution
		{824F7856-932A-44D7-AB32-F42636EF7994}.Debug|Any CPU.ActiveCfg = Debug|Any CPU
		{824F7856-932A-44D7-AB32-F42636EF7994}.Debug|Any CPU.Build.0 = Debug|Any CPU
		{824F7856-932A-44D7-AB32-F42636EF7994}.Release|Any CPU.ActiveCfg = Release|Any CPU
		{824F7856-932A-44D7-AB32-F42636EF7994}.Release|Any CPU.Build.0 = Release|Any CPU
	EndGlobalSection
	GlobalSection(SolutionProperties) = preSolution
		HideSolutionNode = FALSE
	EndGlobalSection
	GlobalSection(ExtensibilityGlobals) = postSolution
		SolutionGuid = {8CCFD6C1-DD36-48C5-9C40-3378B788E1F0}
	EndGlobalSection
EndGlobal
